
Microsoft Visual Studio Solution File, Format Version 12.00
# Visual Studio Version 17
VisualStudioVersion = 17.10.35122.118
MinimumVisualStudioVersion = 10.0.40219.1
Project("{FAE04EC0-301F-11D3-BF4B-00C04F79EFBC}") = "InsuranceTask1Class", "InsuranceTask1Class\InsuranceTask1Class.csproj", "{66464FAF-F843-4B4D-8B5D-6B918F21CB70}"
EndProject
Global
	GlobalSection(SolutionConfigurationPlatforms) = preSolution
		Debug|Any CPU = Debug|Any CPU
		Release|Any CPU = Release|Any CPU
	EndGlobalSection
	GlobalSection(ProjectConfigurationPlatforms) = postSolution
		{66464FAF-F843-4B4D-8B5D-6B918F21CB70}.Debug|Any CPU.ActiveCfg = Debug|Any CPU
		{66464FAF-F843-4B4D-8B5D-6B918F21CB70}.Debug|Any CPU.Build.0 = Debug|Any CPU
		{66464FAF-F843-4B4D-8B5D-6B918F21CB70}.Release|Any CPU.ActiveCfg = Release|Any CPU
		{66464FAF-F843-4B4D-8B5D-6B918F21CB70}.Release|Any CPU.Build.0 = Release|Any CPU
	EndGlobalSection
	GlobalSection(SolutionProperties) = preSolution
		HideSolutionNode = FALSE
	EndGlobalSection
	GlobalSection(ExtensibilityGlobals) = postSolution
		SolutionGuid = {AC172A13-4342-467B-BF46-DF458FF5A014}
	EndGlobalSection
EndGlobal
